
Microsoft Visual Studio Solution File, Format Version 12.00
# Visual Studio Version 17
VisualStudioVersion = 17.9.34622.214
MinimumVisualStudioVersion = 10.0.40219.1
Project("{FAE04EC0-301F-11D3-BF4B-00C04F79EFBC}") = "WebApi", "WebApi\WebApi.csproj", "{F61392D7-4E8B-4475-8751-C2DDF455F08C}"
EndProject
Global
	GlobalSection(SolutionConfigurationPlatforms) = preSolution
		Debug|Any CPU = Debug|Any CPU
		Release|Any CPU = Release|Any CPU
	EndGlobalSection
	GlobalSection(ProjectConfigurationPlatforms) = postSolution
		{F61392D7-4E8B-4475-8751-C2DDF455F08C}.Debug|Any CPU.ActiveCfg = Debug|Any CPU
		{F61392D7-4E8B-4475-8751-C2DDF455F08C}.Debug|Any CPU.Build.0 = Debug|Any CPU
		{F61392D7-4E8B-4475-8751-C2DDF455F08C}.Release|Any CPU.ActiveCfg = Release|Any CPU
		{F61392D7-4E8B-4475-8751-C2DDF455F08C}.Release|Any CPU.Build.0 = Release|Any CPU
	EndGlobalSection
	GlobalSection(SolutionProperties) = preSolution
		HideSolutionNode = FALSE
	EndGlobalSection
	GlobalSection(ExtensibilityGlobals) = postSolution
		SolutionGuid = {A3B36B5B-3E4F-4D89-A5D4-7F85BBDD7090}
	EndGlobalSection
EndGlobal
