
Microsoft Visual Studio Solution File, Format Version 12.00
# Visual Studio Version 17
VisualStudioVersion = 17.5.002.0
MinimumVisualStudioVersion = 10.0.40219.1
Project("{9A19103F-16F7-4668-BE54-9A1E7A4F7556}") = "WebApi", "WebApi.csproj", "{F40C5737-1B8D-4738-99EC-586413D9C6BE}"
EndProject
Global
	GlobalSection(SolutionConfigurationPlatforms) = preSolution
		Debug|Any CPU = Debug|Any CPU
		Release|Any CPU = Release|Any CPU
	EndGlobalSection
	GlobalSection(ProjectConfigurationPlatforms) = postSolution
		{F40C5737-1B8D-4738-99EC-586413D9C6BE}.Debug|Any CPU.ActiveCfg = Debug|Any CPU
		{F40C5737-1B8D-4738-99EC-586413D9C6BE}.Debug|Any CPU.Build.0 = Debug|Any CPU
		{F40C5737-1B8D-4738-99EC-586413D9C6BE}.Release|Any CPU.ActiveCfg = Release|Any CPU
		{F40C5737-1B8D-4738-99EC-586413D9C6BE}.Release|Any CPU.Build.0 = Release|Any CPU
	EndGlobalSection
	GlobalSection(SolutionProperties) = preSolution
		HideSolutionNode = FALSE
	EndGlobalSection
	GlobalSection(ExtensibilityGlobals) = postSolution
		SolutionGuid = {3C02AF55-4527-4728-BF1E-4576B7D496F6}
	EndGlobalSection
EndGlobal
